
Microsoft Visual Studio Solution File, Format Version 12.00
# Visual Studio Version 17
VisualStudioVersion = 17.9.34723.18
MinimumVisualStudioVersion = 10.0.40219.1
Project("{888888A0-9F3D-457C-B088-3A5042F75D52}") = "ТЕМА 3 Phytone 4", "ТЕМА 3 Phytone 4\ТЕМА 3 Phytone 4.pyproj", "{FD662681-88F7-49BF-8760-04CB6698920B}"
EndProject
Global
	GlobalSection(SolutionConfigurationPlatforms) = preSolution
		Debug|Any CPU = Debug|Any CPU
		Release|Any CPU = Release|Any CPU
	EndGlobalSection
	GlobalSection(ProjectConfigurationPlatforms) = postSolution
		{FD662681-88F7-49BF-8760-04CB6698920B}.Debug|Any CPU.ActiveCfg = Debug|Any CPU
		{FD662681-88F7-49BF-8760-04CB6698920B}.Release|Any CPU.ActiveCfg = Release|Any CPU
	EndGlobalSection
	GlobalSection(SolutionProperties) = preSolution
		HideSolutionNode = FALSE
	EndGlobalSection
	GlobalSection(ExtensibilityGlobals) = postSolution
		SolutionGuid = {C7220CF2-E0E4-4A82-9151-B9043351CE5F}
	EndGlobalSection
EndGlobal
